
Microsoft Visual Studio Solution File, Format Version 12.00
# Visual Studio Version 17
VisualStudioVersion = 17.5.33627.172
MinimumVisualStudioVersion = 10.0.40219.1
Project("{FAE04EC0-301F-11D3-BF4B-00C04F79EFBC}") = "MyDbManager", "MyDbManager\MyDbManager.csproj", "{B4018AF9-2D44-42FE-A686-9BC0B1CD8980}"
EndProject
Global
	GlobalSection(SolutionConfigurationPlatforms) = preSolution
		Debug|Any CPU = Debug|Any CPU
		Release|Any CPU = Release|Any CPU
	EndGlobalSection
	GlobalSection(ProjectConfigurationPlatforms) = postSolution
		{B4018AF9-2D44-42FE-A686-9BC0B1CD8980}.Debug|Any CPU.ActiveCfg = Debug|Any CPU
		{B4018AF9-2D44-42FE-A686-9BC0B1CD8980}.Debug|Any CPU.Build.0 = Debug|Any CPU
		{B4018AF9-2D44-42FE-A686-9BC0B1CD8980}.Release|Any CPU.ActiveCfg = Release|Any CPU
		{B4018AF9-2D44-42FE-A686-9BC0B1CD8980}.Release|Any CPU.Build.0 = Release|Any CPU
	EndGlobalSection
	GlobalSection(SolutionProperties) = preSolution
		HideSolutionNode = FALSE
	EndGlobalSection
	GlobalSection(ExtensibilityGlobals) = postSolution
		SolutionGuid = {1B4068C9-C192-4695-B418-67BA0E26A3E3}
	EndGlobalSection
EndGlobal
